# This file is automatically @generated by Cargo.
# It is not intended for manual editing.
version = 3

[[package]]
name = "extendr-api"
version = "0.4.0"
source = "git+https://github.com/Ilia-Kosenkov/extendr/?branch=prototype/Ellipsis#8e4d9651e452f1de819d7065ce72f77c82bc6494"
dependencies = [
 "extendr-engine",
 "extendr-macros",
 "lazy_static",
 "libR-sys",
 "paste",
]

[[package]]
name = "extendr-engine"
version = "0.4.0"
source = "git+https://github.com/Ilia-Kosenkov/extendr/?branch=prototype/Ellipsis#8e4d9651e452f1de819d7065ce72f77c82bc6494"
dependencies = [
 "libR-sys",
]

[[package]]
name = "extendr-macros"
version = "0.4.0"
source = "git+https://github.com/Ilia-Kosenkov/extendr/?branch=prototype/Ellipsis#8e4d9651e452f1de819d7065ce72f77c82bc6494"
dependencies = [
 "proc-macro2",
 "quote",
 "syn",
]

[[package]]
name = "helloextendr"
version = "0.3.0"
dependencies = [
 "extendr-api",
]

[[package]]
name = "lazy_static"
version = "1.4.0"
source = "registry+https://github.com/rust-lang/crates.io-index"
checksum = "e2abad23fbc42b3700f2f279844dc832adb2b2eb069b2df918f455c4e18cc646"

[[package]]
name = "libR-sys"
version = "0.5.0"
source = "registry+https://github.com/rust-lang/crates.io-index"
checksum = "470a5563a65d7ca413e2fda72d6e13d0b732c4b52ed561d774f6f349b6bdf1fb"

[[package]]
name = "paste"
version = "1.0.12"
source = "registry+https://github.com/rust-lang/crates.io-index"
checksum = "9f746c4065a8fa3fe23974dd82f15431cc8d40779821001404d10d2e79ca7d79"

[[package]]
name = "proc-macro2"
version = "1.0.63"
source = "registry+https://github.com/rust-lang/crates.io-index"
checksum = "7b368fba921b0dce7e60f5e04ec15e565b3303972b42bcfde1d0713b881959eb"
dependencies = [
 "unicode-ident",
]

[[package]]
name = "quote"
version = "1.0.29"
source = "registry+https://github.com/rust-lang/crates.io-index"
checksum = "573015e8ab27661678357f27dc26460738fd2b6c86e46f386fde94cb5d913105"
dependencies = [
 "proc-macro2",
]

[[package]]
name = "syn"
version = "1.0.109"
source = "registry+https://github.com/rust-lang/crates.io-index"
checksum = "72b64191b275b66ffe2469e8af2c1cfe3bafa67b529ead792a6d0160888b4237"
dependencies = [
 "proc-macro2",
 "quote",
 "unicode-ident",
]

[[package]]
name = "unicode-ident"
version = "1.0.9"
source = "registry+https://github.com/rust-lang/crates.io-index"
checksum = "b15811caf2415fb889178633e7724bad2509101cde276048e013b9def5e51fa0"
